
Microsoft Visual Studio Solution File, Format Version 12.00
# Visual Studio Version 16
VisualStudioVersion = 16.0.31313.79
MinimumVisualStudioVersion = 10.0.40219.1
Project("{FAE04EC0-301F-11D3-BF4B-00C04F79EFBC}") = "TarefaArvore", "TarefaArvore.csproj", "{5C12AAE1-040A-436E-B8CE-9BBC83008886}"
EndProject
Global
	GlobalSection(SolutionConfigurationPlatforms) = preSolution
		Debug|Any CPU = Debug|Any CPU
		Release|Any CPU = Release|Any CPU
	EndGlobalSection
	GlobalSection(ProjectConfigurationPlatforms) = postSolution
		{5C12AAE1-040A-436E-B8CE-9BBC83008886}.Debug|Any CPU.ActiveCfg = Debug|Any CPU
		{5C12AAE1-040A-436E-B8CE-9BBC83008886}.Debug|Any CPU.Build.0 = Debug|Any CPU
		{5C12AAE1-040A-436E-B8CE-9BBC83008886}.Release|Any CPU.ActiveCfg = Release|Any CPU
		{5C12AAE1-040A-436E-B8CE-9BBC83008886}.Release|Any CPU.Build.0 = Release|Any CPU
	EndGlobalSection
	GlobalSection(SolutionProperties) = preSolution
		HideSolutionNode = FALSE
	EndGlobalSection
	GlobalSection(ExtensibilityGlobals) = postSolution
		SolutionGuid = {D9E5D61F-F2CC-43A0-B4C7-F4BCD21095FB}
	EndGlobalSection
EndGlobal
